// !$*UTF8*$!
{
	archiveVersion = 1;
	classes = {
	};
	objectVersion = 55;
	objects = {

/* Begin PBXBuildFile section */
		E440EBC627A4AF3F009965D0 /* AppDelegate.swift in Sources */ = {isa = PBXBuildFile; fileRef = E440EBC527A4AF3F009965D0 /* AppDelegate.swift */; };
		E440EBC827A4AF3F009965D0 /* SceneDelegate.swift in Sources */ = {isa = PBXBuildFile; fileRef = E440EBC727A4AF3F009965D0 /* SceneDelegate.swift */; };
		E440EBCA27A4AF3F009965D0 /* ViewController.swift in Sources */ = {isa = PBXBuildFile; fileRef = E440EBC927A4AF3F009965D0 /* ViewController.swift */; };
		E440EBCD27A4AF3F009965D0 /* Main.storyboard in Resources */ = {isa = PBXBuildFile; fileRef = E440EBCB27A4AF3F009965D0 /* Main.storyboard */; };
		E440EBCF27A4AF42009965D0 /* Assets.xcassets in Resources */ = {isa = PBXBuildFile; fileRef = E440EBCE27A4AF42009965D0 /* Assets.xcassets */; };
		E440EBD227A4AF42009965D0 /* LaunchScreen.storyboard in Resources */ = {isa = PBXBuildFile; fileRef = E440EBD027A4AF42009965D0 /* LaunchScreen.storyboard */; };
		E440EBDD27A4AF43009965D0 /* Lab_1_DemoTests.swift in Sources */ = {isa = PBXBuildFile; fileRef = E440EBDC27A4AF43009965D0 /* Lab_1_DemoTests.swift */; };
		E440EBE727A4AF43009965D0 /* Lab_1_DemoUITests.swift in Sources */ = {isa = PBXBuildFile; fileRef = E440EBE627A4AF43009965D0 /* Lab_1_DemoUITests.swift */; };
		E440EBE927A4AF43009965D0 /* Lab_1_DemoUITestsLaunchTests.swift in Sources */ = {isa = PBXBuildFile; fileRef = E440EBE827A4AF43009965D0 /* Lab_1_DemoUITestsLaunchTests.swift */; };
		E440EBF827A4B09E009965D0 /* TableViewCell.swift in Sources */ = {isa = PBXBuildFile; fileRef = E440EBF727A4B09E009965D0 /* TableViewCell.swift */; };
/* End PBXBuildFile section */

/* Begin PBXContainerItemProxy section */
		E440EBD927A4AF43009965D0 /* PBXContainerItemProxy */ = {
			isa = PBXContainerItemProxy;
			containerPortal = E440EBBA27A4AF3F009965D0 /* Project object */;
			proxyType = 1;
			remoteGlobalIDString = E440EBC127A4AF3F009965D0;
			remoteInfo = Lab_1_Demo;
		};
		E440EBE327A4AF43009965D0 /* PBXContainerItemProxy */ = {
			isa = PBXContainerItemProxy;
			containerPortal = E440EBBA27A4AF3F009965D0 /* Project object */;
			proxyType = 1;
			remoteGlobalIDString = E440EBC127A4AF3F009965D0;
			remoteInfo = Lab_1_Demo;
		};
/* End PBXContainerItemProxy section */

/* Begin PBXFileReference section */
		E440EBC227A4AF3F009965D0 /* Lab_1_Demo.app */ = {isa = PBXFileReference; explicitFileType = wrapper.application; includeInIndex = 0; path = Lab_1_Demo.app; sourceTree = BUILT_PRODUCTS_DIR; };
		E440EBC527A4AF3F009965D0 /* AppDelegate.swift */ = {isa = PBXFileReference; lastKnownFileType = sourcecode.swift; path = AppDelegate.swift; sourceTree = "<group>"; };
		E440EBC727A4AF3F009965D0 /* SceneDelegate.swift */ = {isa = PBXFileReference; lastKnownFileType = sourcecode.swift; path = SceneDelegate.swift; sourceTree = "<group>"; };
		E440EBC927A4AF3F009965D0 /* ViewController.swift */ = {isa = PBXFileReference; lastKnownFileType = sourcecode.swift; path = ViewController.swift; sourceTree = "<group>"; };
		E440EBCC27A4AF3F009965D0 /* Base */ = {isa = PBXFileReference; lastKnownFileType = file.storyboard; name = Base; path = Base.lproj/Main.storyboard; sourceTree = "<group>"; };
		E440EBCE27A4AF42009965D0 /* Assets.xcassets */ = {isa = PBXFileReference; lastKnownFileType = folder.assetcatalog; path = Assets.xcassets; sourceTree = "<group>"; };
		E440EBD127A4AF42009965D0 /* Base */ = {isa = PBXFileReference; lastKnownFileType = file.storyboard; name = Base; path = Base.lproj/LaunchScreen.storyboard; sourceTree = "<group>"; };
		E440EBD327A4AF42009965D0 /* Info.plist */ = {isa = PBXFileReference; lastKnownFileType = text.plist.xml; path = Info.plist; sourceTree = "<group>"; };
		E440EBD827A4AF43009965D0 /* Lab_1_DemoTests.xctest */ = {isa = PBXFileReference; explicitFileType = wrapper.cfbundle; includeInIndex = 0; path = Lab_1_DemoTests.xctest; sourceTree = BUILT_PRODUCTS_DIR; };
		E440EBDC27A4AF43009965D0 /* Lab_1_DemoTests.swift */ = {isa = PBXFileReference; lastKnownFileType = sourcecode.swift; path = Lab_1_DemoTests.swift; sourceTree = "<group>"; };
		E440EBE227A4AF43009965D0 /* Lab_1_DemoUITests.xctest */ = {isa = PBXFileReference; explicitFileType = wrapper.cfbundle; includeInIndex = 0; path = Lab_1_DemoUITests.xctest; sourceTree = BUILT_PRODUCTS_DIR; };
		E440EBE627A4AF43009965D0 /* Lab_1_DemoUITests.swift */ = {isa = PBXFileReference; lastKnownFileType = sourcecode.swift; path = Lab_1_DemoUITests.swift; sourceTree = "<group>"; };
		E440EBE827A4AF43009965D0 /* Lab_1_DemoUITestsLaunchTests.swift */ = {isa = PBXFileReference; lastKnownFileType = sourcecode.swift; path = Lab_1_DemoUITestsLaunchTests.swift; sourceTree = "<group>"; };
		E440EBF727A4B09E009965D0 /* TableViewCell.swift */ = {isa = PBXFileReference; lastKnownFileType = sourcecode.swift; path = TableViewCell.swift; sourceTree = "<group>"; };
/* End PBXFileReference section */

/* Begin PBXFrameworksBuildPhase section */
		E440EBBF27A4AF3F009965D0 /* Frameworks */ = {
			isa = PBXFrameworksBuildPhase;
			buildActionMask = 2147483647;
			files = (
			);
			runOnlyForDeploymentPostprocessing = 0;
		};
		E440EBD527A4AF43009965D0 /* Frameworks */ = {
			isa = PBXFrameworksBuildPhase;
			buildActionMask = 2147483647;
			files = (
			);
			runOnlyForDeploymentPostprocessing = 0;
		};
		E440EBDF27A4AF43009965D0 /* Frameworks */ = {
			isa = PBXFrameworksBuildPhase;
			buildActionMask = 2147483647;
			files = (
			);
			runOnlyForDeploymentPostprocessing = 0;
		};
/* End PBXFrameworksBuildPhase section */

/* Begin PBXGroup section */
		E440EBB927A4AF3F009965D0 = {
			isa = PBXGroup;
			children = (
				E440EBC427A4AF3F009965D0 /* Lab_1_Demo */,
				E440EBDB27A4AF43009965D0 /* Lab_1_DemoTests */,
				E440EBE527A4AF43009965D0 /* Lab_1_DemoUITests */,
				E440EBC327A4AF3F009965D0 /* Products */,
			);
			sourceTree = "<group>";
		};
		E440EBC327A4AF3F009965D0 /* Products */ = {
			isa = PBXGroup;
			children = (
				E440EBC227A4AF3F009965D0 /* Lab_1_Demo.app */,
				E440EBD827A4AF43009965D0 /* Lab_1_DemoTests.xctest */,
				E440EBE227A4AF43009965D0 /* Lab_1_DemoUITests.xctest */,
			);
			name = Products;
			sourceTree = "<group>";
		};
		E440EBC427A4AF3F009965D0 /* Lab_1_Demo */ = {
			isa = PBXGroup;
			children = (
				E440EBC527A4AF3F009965D0 /* AppDelegate.swift */,
				E440EBC727A4AF3F009965D0 /* SceneDelegate.swift */,
				E440EBC927A4AF3F009965D0 /* ViewController.swift */,
				E440EBCB27A4AF3F009965D0 /* Main.storyboard */,
				E440EBCE27A4AF42009965D0 /* Assets.xcassets */,
				E440EBD027A4AF42009965D0 /* LaunchScreen.storyboard */,
				E440EBD327A4AF42009965D0 /* Info.plist */,
				E440EBF727A4B09E009965D0 /* TableViewCell.swift */,
			);
			path = Lab_1_Demo;
			sourceTree = "<group>";
		};
		E440EBDB27A4AF43009965D0 /* Lab_1_DemoTests */ = {
			isa = PBXGroup;
			children = (
				E440EBDC27A4AF43009965D0 /* Lab_1_DemoTests.swift */,
			);
			path = Lab_1_DemoTests;
			sourceTree = "<group>";
		};
		E440EBE527A4AF43009965D0 /* Lab_1_DemoUITests */ = {
			isa = PBXGroup;
			children = (
				E440EBE627A4AF43009965D0 /* Lab_1_DemoUITests.swift */,
				E440EBE827A4AF43009965D0 /* Lab_1_DemoUITestsLaunchTests.swift */,
			);
			path = Lab_1_DemoUITests;
			sourceTree = "<group>";
		};
/* End PBXGroup section */

/* Begin PBXNativeTarget section */
		E440EBC127A4AF3F009965D0 /* Lab_1_Demo */ = {
			isa = PBXNativeTarget;
			buildConfigurationList = E440EBEC27A4AF43009965D0 /* Build configuration list for PBXNativeTarget "Lab_1_Demo" */;
			buildPhases = (
				E440EBBE27A4AF3F009965D0 /* Sources */,
				E440EBBF27A4AF3F009965D0 /* Frameworks */,
				E440EBC027A4AF3F009965D0 /* Resources */,
			);
			buildRules = (
			);
			dependencies = (
			);
			name = Lab_1_Demo;
			productName = Lab_1_Demo;
			productReference = E440EBC227A4AF3F009965D0 /* Lab_1_Demo.app */;
			productType = "com.apple.product-type.application";
		};
		E440EBD727A4AF43009965D0 /* Lab_1_DemoTests */ = {
			isa = PBXNativeTarget;
			buildConfigurationList = E440EBEF27A4AF43009965D0 /* Build configuration list for PBXNativeTarget "Lab_1_DemoTests" */;
			buildPhases = (
				E440EBD427A4AF43009965D0 /* Sources */,
				E440EBD527A4AF43009965D0 /* Frameworks */,
				E440EBD627A4AF43009965D0 /* Resources */,
			);
			buildRules = (
			);
			dependencies = (
				E440EBDA27A4AF43009965D0 /* PBXTargetDependency */,
			);
			name = Lab_1_DemoTests;
			productName = Lab_1_DemoTests;
			productReference = E440EBD827A4AF43009965D0 /* Lab_1_DemoTests.xctest */;
			productType = "com.apple.product-type.bundle.unit-test";
		};
		E440EBE127A4AF43009965D0 /* Lab_1_DemoUITests */ = {
			isa = PBXNativeTarget;
			buildConfigurationList = E440EBF227A4AF43009965D0 /* Build configuration list for PBXNativeTarget "Lab_1_DemoUITests" */;
			buildPhases = (
				E440EBDE27A4AF43009965D0 /* Sources */,
				E440EBDF27A4AF43009965D0 /* Frameworks */,
				E440EBE027A4AF43009965D0 /* Resources */,
			);
			buildRules = (
			);
			dependencies = (
				E440EBE427A4AF43009965D0 /* PBXTargetDependency */,
			);
			name = Lab_1_DemoUITests;
			productName = Lab_1_DemoUITests;
			productReference = E440EBE227A4AF43009965D0 /* Lab_1_DemoUITests.xctest */;
			productType = "com.apple.product-type.bundle.ui-testing";
		};
/* End PBXNativeTarget section */

/* Begin PBXProject section */
		E440EBBA27A4AF3F009965D0 /* Project object */ = {
			isa = PBXProject;
			attributes = {
				BuildIndependentTargetsInParallel = 1;
				LastSwiftUpdateCheck = 1320;
				LastUpgradeCheck = 1320;
				TargetAttributes = {
					E440EBC127A4AF3F009965D0 = {
						CreatedOnToolsVersion = 13.2.1;
					};
					E440EBD727A4AF43009965D0 = {
						CreatedOnToolsVersion = 13.2.1;
						TestTargetID = E440EBC127A4AF3F009965D0;
					};
					E440EBE127A4AF43009965D0 = {
						CreatedOnToolsVersion = 13.2.1;
						TestTargetID = E440EBC127A4AF3F009965D0;
					};
				};
			};
			buildConfigurationList = E440EBBD27A4AF3F009965D0 /* Build configuration list for PBXProject "Lab_1_Demo" */;
			compatibilityVersion = "Xcode 13.0";
			developmentRegion = en;
			hasScannedForEncodings = 0;
			knownRegions = (
				en,
				Base,
			);
			mainGroup = E440EBB927A4AF3F009965D0;
			productRefGroup = E440EBC327A4AF3F009965D0 /* Products */;
			projectDirPath = "";
			projectRoot = "";
			targets = (
				E440EBC127A4AF3F009965D0 /* Lab_1_Demo */,
				E440EBD727A4AF43009965D0 /* Lab_1_DemoTests */,
				E440EBE127A4AF43009965D0 /* Lab_1_DemoUITests */,
			);
		};
/* End PBXProject section */

/* Begin PBXResourcesBuildPhase section */
		E440EBC027A4AF3F009965D0 /* Resources */ = {
			isa = PBXResourcesBuildPhase;
			buildActionMask = 2147483647;
			files = (
				E440EBD227A4AF42009965D0 /* LaunchScreen.storyboard in Resources */,
				E440EBCF27A4AF42009965D0 /* Assets.xcassets in Resources */,
				E440EBCD27A4AF3F009965D0 /* Main.storyboard in Resources */,
			);
			runOnlyForDeploymentPostprocessing = 0;
		};
		E440EBD627A4AF43009965D0 /* Resources */ = {
			isa = PBXResourcesBuildPhase;
			buildActionMask = 2147483647;
			files = (
			);
			runOnlyForDeploymentPostprocessing = 0;
		};
		E440EBE027A4AF43009965D0 /* Resources */ = {
			isa = PBXResourcesBuildPhase;
			buildActionMask = 2147483647;
			files = (
			);
			runOnlyForDeploymentPostprocessing = 0;
		};
/* End PBXResourcesBuildPhase section */

/* Begin PBXSourcesBuildPhase section */
		E440EBBE27A4AF3F009965D0 /* Sources */ = {
			isa = PBXSourcesBuildPhase;
			buildActionMask = 2147483647;
			files = (
				E440EBCA27A4AF3F009965D0 /* ViewController.swift in Sources */,
				E440EBF827A4B09E009965D0 /* TableViewCell.swift in Sources */,
				E440EBC627A4AF3F009965D0 /* AppDelegate.swift in Sources */,
				E440EBC827A4AF3F009965D0 /* SceneDelegate.swift in Sources */,
			);
			runOnlyForDeploymentPostprocessing = 0;
		};
		E440EBD427A4AF43009965D0 /* Sources */ = {
			isa = PBXSourcesBuildPhase;
			buildActionMask = 2147483647;
			files = (
				E440EBDD27A4AF43009965D0 /* Lab_1_DemoTests.swift in Sources */,
			);
			runOnlyForDeploymentPostprocessing = 0;
		};
		E440EBDE27A4AF43009965D0 /* Sources */ = {
			isa = PBXSourcesBuildPhase;
			buildActionMask = 2147483647;
			files = (
				E440EBE727A4AF43009965D0 /* Lab_1_DemoUITests.swift in Sources */,
				E440EBE927A4AF43009965D0 /* Lab_1_DemoUITestsLaunchTests.swift in Sources */,
			);
			runOnlyForDeploymentPostprocessing = 0;
		};
/* End PBXSourcesBuildPhase section */

/* Begin PBXTargetDependency section */
		E440EBDA27A4AF43009965D0 /* PBXTargetDependency */ = {
			isa = PBXTargetDependency;
			target = E440EBC127A4AF3F009965D0 /* Lab_1_Demo */;
			targetProxy = E440EBD927A4AF43009965D0 /* PBXContainerItemProxy */;
		};
		E440EBE427A4AF43009965D0 /* PBXTargetDependency */ = {
			isa = PBXTargetDependency;
			target = E440EBC127A4AF3F009965D0 /* Lab_1_Demo */;
			targetProxy = E440EBE327A4AF43009965D0 /* PBXContainerItemProxy */;
		};
/* End PBXTargetDependency section */

/* Begin PBXVariantGroup section */
		E440EBCB27A4AF3F009965D0 /* Main.storyboard */ = {
			isa = PBXVariantGroup;
			children = (
				E440EBCC27A4AF3F009965D0 /* Base */,
			);
			name = Main.storyboard;
			sourceTree = "<group>";
		};
		E440EBD027A4AF42009965D0 /* LaunchScreen.storyboard */ = {
			isa = PBXVariantGroup;
			children = (
				E440EBD127A4AF42009965D0 /* Base */,
			);
			name = LaunchScreen.storyboard;
			sourceTree = "<group>";
		};
/* End PBXVariantGroup section */

/* Begin XCBuildConfiguration section */
		E440EBEA27A4AF43009965D0 /* Debug */ = {
			isa = XCBuildConfiguration;
			buildSettings = {
				ALWAYS_SEARCH_USER_PATHS = NO;
				CLANG_ANALYZER_NONNULL = YES;
				CLANG_ANALYZER_NUMBER_OBJECT_CONVERSION = YES_AGGRESSIVE;
				CLANG_CXX_LANGUAGE_STANDARD = "gnu++17";
				CLANG_CXX_LIBRARY = "libc++";
				CLANG_ENABLE_MODULES = YES;
				CLANG_ENABLE_OBJC_ARC = YES;
				CLANG_ENABLE_OBJC_WEAK = YES;
				CLANG_WARN_BLOCK_CAPTURE_AUTORELEASING = YES;
				CLANG_WARN_BOOL_CONVERSION = YES;
				CLANG_WARN_COMMA = YES;
				CLANG_WARN_CONSTANT_CONVERSION = YES;
				CLANG_WARN_DEPRECATED_OBJC_IMPLEMENTATIONS = YES;
				CLANG_WARN_DIRECT_OBJC_ISA_USAGE = YES_ERROR;
				CLANG_WARN_DOCUMENTATION_COMMENTS = YES;
				CLANG_WARN_EMPTY_BODY = YES;
				CLANG_WARN_ENUM_CONVERSION = YES;
				CLANG_WARN_INFINITE_RECURSION = YES;
				CLANG_WARN_INT_CONVERSION = YES;
				CLANG_WARN_NON_LITERAL_NULL_CONVERSION = YES;
				CLANG_WARN_OBJC_IMPLICIT_RETAIN_SELF = YES;
				CLANG_WARN_OBJC_LITERAL_CONVERSION = YES;
				CLANG_WARN_OBJC_ROOT_CLASS = YES_ERROR;
				CLANG_WARN_QUOTED_INCLUDE_IN_FRAMEWORK_HEADER = YES;
				CLANG_WARN_RANGE_LOOP_ANALYSIS = YES;
				CLANG_WARN_STRICT_PROTOTYPES = YES;
				CLANG_WARN_SUSPICIOUS_MOVE = YES;
				CLANG_WARN_UNGUARDED_AVAILABILITY = YES_AGGRESSIVE;
				CLANG_WARN_UNREACHABLE_CODE = YES;
				CLANG_WARN__DUPLICATE_METHOD_MATCH = YES;
				COPY_PHASE_STRIP = NO;
				DEBUG_INFORMATION_FORMAT = dwarf;
				ENABLE_STRICT_OBJC_MSGSEND = YES;
				ENABLE_TESTABILITY = YES;
				GCC_C_LANGUAGE_STANDARD = gnu11;
				GCC_DYNAMIC_NO_PIC = NO;
				GCC_NO_COMMON_BLOCKS = YES;
				GCC_OPTIMIZATION_LEVEL = 0;
				GCC_PREPROCESSOR_DEFINITIONS = (
					"DEBUG=1",
					"$(inherited)",
				);
				GCC_WARN_64_TO_32_BIT_CONVERSION = YES;
				GCC_WARN_ABOUT_RETURN_TYPE = YES_ERROR;
				GCC_WARN_UNDECLARED_SELECTOR = YES;
				GCC_WARN_UNINITIALIZED_AUTOS = YES_AGGRESSIVE;
				GCC_WARN_UNUSED_FUNCTION = YES;
				GCC_WARN_UNUSED_VARIABLE = YES;
				IPHONEOS_DEPLOYMENT_TARGET = 15.2;
				MTL_ENABLE_DEBUG_INFO = INCLUDE_SOURCE;
				MTL_FAST_MATH = YES;
				ONLY_ACTIVE_ARCH = YES;
				SDKROOT = iphoneos;
				SWIFT_ACTIVE_COMPILATION_CONDITIONS = DEBUG;
				SWIFT_OPTIMIZATION_LEVEL = "-Onone";
			};
			name = Debug;
		};
		E440EBEB27A4AF43009965D0 /* Release */ = {
			isa = XCBuildConfiguration;
			buildSettings = {
				ALWAYS_SEARCH_USER_PATHS = NO;
				CLANG_ANALYZER_NONNULL = YES;
				CLANG_ANALYZER_NUMBER_OBJECT_CONVERSION = YES_AGGRESSIVE;
				CLANG_CXX_LANGUAGE_STANDARD = "gnu++17";
				CLANG_CXX_LIBRARY = "libc++";
				CLANG_ENABLE_MODULES = YES;
				CLANG_ENABLE_OBJC_ARC = YES;
				CLANG_ENABLE_OBJC_WEAK = YES;
				CLANG_WARN_BLOCK_CAPTURE_AUTORELEASING = YES;
				CLANG_WARN_BOOL_CONVERSION = YES;
				CLANG_WARN_COMMA = YES;
				CLANG_WARN_CONSTANT_CONVERSION = YES;
				CLANG_WARN_DEPRECATED_OBJC_IMPLEMENTATIONS = YES;
				CLANG_WARN_DIRECT_OBJC_ISA_USAGE = YES_ERROR;
				CLANG_WARN_DOCUMENTATION_COMMENTS = YES;
				CLANG_WARN_EMPTY_BODY = YES;
				CLANG_WARN_ENUM_CONVERSION = YES;
				CLANG_WARN_INFINITE_RECURSION = YES;
				CLANG_WARN_INT_CONVERSION = YES;
				CLANG_WARN_NON_LITERAL_NULL_CONVERSION = YES;
				CLANG_WARN_OBJC_IMPLICIT_RETAIN_SELF = YES;
				CLANG_WARN_OBJC_LITERAL_CONVERSION = YES;
				CLANG_WARN_OBJC_ROOT_CLASS = YES_ERROR;
				CLANG_WARN_QUOTED_INCLUDE_IN_FRAMEWORK_HEADER = YES;
				CLANG_WARN_RANGE_LOOP_ANALYSIS = YES;
				CLANG_WARN_STRICT_PROTOTYPES = YES;
				CLANG_WARN_SUSPICIOUS_MOVE = YES;
				CLANG_WARN_UNGUARDED_AVAILABILITY = YES_AGGRESSIVE;
				CLANG_WARN_UNREACHABLE_CODE = YES;
				CLANG_WARN__DUPLICATE_METHOD_MATCH = YES;
				COPY_PHASE_STRIP = NO;
				DEBUG_INFORMATION_FORMAT = "dwarf-with-dsym";
				ENABLE_NS_ASSERTIONS = NO;
				ENABLE_STRICT_OBJC_MSGSEND = YES;
				GCC_C_LANGUAGE_STANDARD = gnu11;
				GCC_NO_COMMON_BLOCKS = YES;
				GCC_WARN_64_TO_32_BIT_CONVERSION = YES;
				GCC_WARN_ABOUT_RETURN_TYPE = YES_ERROR;
				GCC_WARN_UNDECLARED_SELECTOR = YES;
				GCC_WARN_UNINITIALIZED_AUTOS = YES_AGGRESSIVE;
				GCC_WARN_UNUSED_FUNCTION = YES;
				GCC_WARN_UNUSED_VARIABLE = YES;
				IPHONEOS_DEPLOYMENT_TARGET = 15.2;
				MTL_ENABLE_DEBUG_INFO = NO;
				MTL_FAST_MATH = YES;
				SDKROOT = iphoneos;
				SWIFT_COMPILATION_MODE = wholemodule;
				SWIFT_OPTIMIZATION_LEVEL = "-O";
				VALIDATE_PRODUCT = YES;
			};
			name = Release;
		};
		E440EBED27A4AF43009965D0 /* Debug */ = {
			isa = XCBuildConfiguration;
			buildSettings = {
				ASSETCATALOG_COMPILER_APPICON_NAME = AppIcon;
				ASSETCATALOG_COMPILER_GLOBAL_ACCENT_COLOR_NAME = AccentColor;
				CODE_SIGN_STYLE = Automatic;
				CURRENT_PROJECT_VERSION = 1;
				GENERATE_INFOPLIST_FILE = YES;
				INFOPLIST_FILE = Lab_1_Demo/Info.plist;
				INFOPLIST_KEY_UIApplicationSupportsIndirectInputEvents = YES;
				INFOPLIST_KEY_UILaunchStoryboardName = LaunchScreen;
				INFOPLIST_KEY_UIMainStoryboardFile = Main;
				INFOPLIST_KEY_UISupportedInterfaceOrientations_iPad = "UIInterfaceOrientationPortrait UIInterfaceOrientationPortraitUpsideDown UIInterfaceOrientationLandscapeLeft UIInterfaceOrientationLandscapeRight";
				INFOPLIST_KEY_UISupportedInterfaceOrientations_iPhone = "UIInterfaceOrientationPortrait UIInterfaceOrientationLandscapeLeft UIInterfaceOrientationLandscapeRight";
				LD_RUNPATH_SEARCH_PATHS = (
					"$(inherited)",
					"@executable_path/Frameworks",
				);
				MARKETING_VERSION = 1.0;
				PRODUCT_BUNDLE_IDENTIFIER = "memo.com.Lab-1-Demo";
				PRODUCT_NAME = "$(TARGET_NAME)";
				SWIFT_EMIT_LOC_STRINGS = YES;
				SWIFT_VERSION = 5.0;
				TARGETED_DEVICE_FAMILY = "1,2";
			};
			name = Debug;
		};
		E440EBEE27A4AF43009965D0 /* Release */ = {
			isa = XCBuildConfiguration;
			buildSettings = {
				ASSETCATALOG_COMPILER_APPICON_NAME = AppIcon;
				ASSETCATALOG_COMPILER_GLOBAL_ACCENT_COLOR_NAME = AccentColor;
				CODE_SIGN_STYLE = Automatic;
				CURRENT_PROJECT_VERSION = 1;
				GENERATE_INFOPLIST_FILE = YES;
				INFOPLIST_FILE = Lab_1_Demo/Info.plist;
				INFOPLIST_KEY_UIApplicationSupportsIndirectInputEvents = YES;
				INFOPLIST_KEY_UILaunchStoryboardName = LaunchScreen;
				INFOPLIST_KEY_UIMainStoryboardFile = Main;
				INFOPLIST_KEY_UISupportedInterfaceOrientations_iPad = "UIInterfaceOrientationPortrait UIInterfaceOrientationPortraitUpsideDown UIInterfaceOrientationLandscapeLeft UIInterfaceOrientationLandscapeRight";
				INFOPLIST_KEY_UISupportedInterfaceOrientations_iPhone = "UIInterfaceOrientationPortrait UIInterfaceOrientationLandscapeLeft UIInterfaceOrientationLandscapeRight";
				LD_RUNPATH_SEARCH_PATHS = (
					"$(inherited)",
					"@executable_path/Frameworks",
				);
				MARKETING_VERSION = 1.0;
				PRODUCT_BUNDLE_IDENTIFIER = "memo.com.Lab-1-Demo";
				PRODUCT_NAME = "$(TARGET_NAME)";
				SWIFT_EMIT_LOC_STRINGS = YES;
				SWIFT_VERSION = 5.0;
				TARGETED_DEVICE_FAMILY = "1,2";
			};
			name = Release;
		};
		E440EBF027A4AF43009965D0 /* Debug */ = {
			isa = XCBuildConfiguration;
			buildSettings = {
				ALWAYS_EMBED_SWIFT_STANDARD_LIBRARIES = YES;
				BUNDLE_LOADER = "$(TEST_HOST)";
				CODE_SIGN_STYLE = Automatic;
				CURRENT_PROJECT_VERSION = 1;
				GENERATE_INFOPLIST_FILE = YES;
				IPHONEOS_DEPLOYMENT_TARGET = 15.2;
				MARKETING_VERSION = 1.0;
				PRODUCT_BUNDLE_IDENTIFIER = "memo.com.Lab-1-DemoTests";
				PRODUCT_NAME = "$(TARGET_NAME)";
				SWIFT_EMIT_LOC_STRINGS = NO;
				SWIFT_VERSION = 5.0;
				TARGETED_DEVICE_FAMILY = "1,2";
				TEST_HOST = "$(BUILT_PRODUCTS_DIR)/Lab_1_Demo.app/Lab_1_Demo";
			};
			name = Debug;
		};
		E440EBF127A4AF43009965D0 /* Release */ = {
			isa = XCBuildConfiguration;
			buildSettings = {
				ALWAYS_EMBED_SWIFT_STANDARD_LIBRARIES = YES;
				BUNDLE_LOADER = "$(TEST_HOST)";
				CODE_SIGN_STYLE = Automatic;
				CURRENT_PROJECT_VERSION = 1;
				GENERATE_INFOPLIST_FILE = YES;
				IPHONEOS_DEPLOYMENT_TARGET = 15.2;
				MARKETING_VERSION = 1.0;
				PRODUCT_BUNDLE_IDENTIFIER = "memo.com.Lab-1-DemoTests";
				PRODUCT_NAME = "$(TARGET_NAME)";
				SWIFT_EMIT_LOC_STRINGS = NO;
				SWIFT_VERSION = 5.0;
				TARGETED_DEVICE_FAMILY = "1,2";
				TEST_HOST = "$(BUILT_PRODUCTS_DIR)/Lab_1_Demo.app/Lab_1_Demo";
			};
			name = Release;
		};
		E440EBF327A4AF43009965D0 /* Debug */ = {
			isa = XCBuildConfiguration;
			buildSettings = {
				ALWAYS_EMBED_SWIFT_STANDARD_LIBRARIES = YES;
				CODE_SIGN_STYLE = Automatic;
				CURRENT_PROJECT_VERSION = 1;
				GENERATE_INFOPLIST_FILE = YES;
				MARKETING_VERSION = 1.0;
				PRODUCT_BUNDLE_IDENTIFIER = "memo.com.Lab-1-DemoUITests";
				PRODUCT_NAME = "$(TARGET_NAME)";
				SWIFT_EMIT_LOC_STRINGS = NO;
				SWIFT_VERSION = 5.0;
				TARGETED_DEVICE_FAMILY = "1,2";
				TEST_TARGET_NAME = Lab_1_Demo;
			};
			name = Debug;
		};
		E440EBF427A4AF43009965D0 /* Release */ = {
			isa = XCBuildConfiguration;
			buildSettings = {
				ALWAYS_EMBED_SWIFT_STANDARD_LIBRARIES = YES;
				CODE_SIGN_STYLE = Automatic;
				CURRENT_PROJECT_VERSION = 1;
				GENERATE_INFOPLIST_FILE = YES;
				MARKETING_VERSION = 1.0;
				PRODUCT_BUNDLE_IDENTIFIER = "memo.com.Lab-1-DemoUITests";
				PRODUCT_NAME = "$(TARGET_NAME)";
				SWIFT_EMIT_LOC_STRINGS = NO;
				SWIFT_VERSION = 5.0;
				TARGETED_DEVICE_FAMILY = "1,2";
				TEST_TARGET_NAME = Lab_1_Demo;
			};
			name = Release;
		};
/* End XCBuildConfiguration section */

/* Begin XCConfigurationList section */
		E440EBBD27A4AF3F009965D0 /* Build configuration list for PBXProject "Lab_1_Demo" */ = {
			isa = XCConfigurationList;
			buildConfigurations = (
				E440EBEA27A4AF43009965D0 /* Debug */,
				E440EBEB27A4AF43009965D0 /* Release */,
			);
			defaultConfigurationIsVisible = 0;
			defaultConfigurationName = Release;
		};
		E440EBEC27A4AF43009965D0 /* Build configuration list for PBXNativeTarget "Lab_1_Demo" */ = {
			isa = XCConfigurationList;
			buildConfigurations = (
				E440EBED27A4AF43009965D0 /* Debug */,
				E440EBEE27A4AF43009965D0 /* Release */,
			);
			defaultConfigurationIsVisible = 0;
			defaultConfigurationName = Release;
		};
		E440EBEF27A4AF43009965D0 /* Build configuration list for PBXNativeTarget "Lab_1_DemoTests" */ = {
			isa = XCConfigurationList;
			buildConfigurations = (
				E440EBF027A4AF43009965D0 /* Debug */,
				E440EBF127A4AF43009965D0 /* Release */,
			);
			defaultConfigurationIsVisible = 0;
			defaultConfigurationName = Release;
		};
		E440EBF227A4AF43009965D0 /* Build configuration list for PBXNativeTarget "Lab_1_DemoUITests" */ = {
			isa = XCConfigurationList;
			buildConfigurations = (
				E440EBF327A4AF43009965D0 /* Debug */,
				E440EBF427A4AF43009965D0 /* Release */,
			);
			defaultConfigurationIsVisible = 0;
			defaultConfigurationName = Release;
		};
/* End XCConfigurationList section */
	};
	rootObject = E440EBBA27A4AF3F009965D0 /* Project object */;
}
